
Microsoft Visual Studio Solution File, Format Version 12.00
# Visual Studio Version 17
VisualStudioVersion = 17.4.33213.308
MinimumVisualStudioVersion = 10.0.40219.1
Project("{FAE04EC0-301F-11D3-BF4B-00C04F79EFBC}") = "App.Web.Mvc", "App.Web.Mvc\App.Web.Mvc.csproj", "{9784D17D-4232-47AE-A541-C62A3A67AD32}"
EndProject
Global
	GlobalSection(SolutionConfigurationPlatforms) = preSolution
		Debug|Any CPU = Debug|Any CPU
		Release|Any CPU = Release|Any CPU
	EndGlobalSection
	GlobalSection(ProjectConfigurationPlatforms) = postSolution
		{9784D17D-4232-47AE-A541-C62A3A67AD32}.Debug|Any CPU.ActiveCfg = Debug|Any CPU
		{9784D17D-4232-47AE-A541-C62A3A67AD32}.Debug|Any CPU.Build.0 = Debug|Any CPU
		{9784D17D-4232-47AE-A541-C62A3A67AD32}.Release|Any CPU.ActiveCfg = Release|Any CPU
		{9784D17D-4232-47AE-A541-C62A3A67AD32}.Release|Any CPU.Build.0 = Release|Any CPU
	EndGlobalSection
	GlobalSection(SolutionProperties) = preSolution
		HideSolutionNode = FALSE
	EndGlobalSection
	GlobalSection(ExtensibilityGlobals) = postSolution
		SolutionGuid = {A9E6D97E-BED6-479E-84EE-F14AB9CA7478}
	EndGlobalSection
EndGlobal
